
Microsoft Visual Studio Solution File, Format Version 12.00
# Visual Studio Version 16
VisualStudioVersion = 16.0.810.18
MinimumVisualStudioVersion = 10.0.40219.1
Project("{FAE04EC0-301F-11D3-BF4B-00C04F79EFBC}") = "rpg-characters", "rpg-characters\rpg-characters.csproj", "{AFEA3F69-0021-4CDF-AD0F-12E894BEA08A}"
EndProject
Global
	GlobalSection(SolutionConfigurationPlatforms) = preSolution
		Debug|Any CPU = Debug|Any CPU
		Release|Any CPU = Release|Any CPU
	EndGlobalSection
	GlobalSection(ProjectConfigurationPlatforms) = postSolution
		{AFEA3F69-0021-4CDF-AD0F-12E894BEA08A}.Debug|Any CPU.ActiveCfg = Debug|Any CPU
		{AFEA3F69-0021-4CDF-AD0F-12E894BEA08A}.Debug|Any CPU.Build.0 = Debug|Any CPU
		{AFEA3F69-0021-4CDF-AD0F-12E894BEA08A}.Release|Any CPU.ActiveCfg = Release|Any CPU
		{AFEA3F69-0021-4CDF-AD0F-12E894BEA08A}.Release|Any CPU.Build.0 = Release|Any CPU
	EndGlobalSection
	GlobalSection(SolutionProperties) = preSolution
		HideSolutionNode = FALSE
	EndGlobalSection
	GlobalSection(ExtensibilityGlobals) = postSolution
		SolutionGuid = {38A40D4F-65E2-483E-B544-DF54F0A900D9}
	EndGlobalSection
EndGlobal
